{
  "name": "hollidaychibchombia",
  "version": "1.0.0",
  "lockfileVersion": 1,
  "requires": true,
  "dependencies": {
    "colombia-holidays": {
      "version": "0.0.1",
      "resolved": "https://registry.npmjs.org/colombia-holidays/-/colombia-holidays-0.0.1.tgz",
      "integrity": "sha1-d6AoZp90tI7+Zm2PdIzHFCFGOYo="
    },
    "date-diff": {
      "version": "0.2.1",
      "resolved": "https://registry.npmjs.org/date-diff/-/date-diff-0.2.1.tgz",
      "integrity": "sha512-Cjq+RuGGqLSIyWo9It3ShVEAmHSjifF/UAPSTlT0GBT8O5zgfY0hwaH4y1n9uoB71ey3pfybbcRpvUwCEclLKw=="
    },
    "date-format": {
      "version": "2.0.0",
      "resolved": "https://registry.npmjs.org/date-format/-/date-format-2.0.0.tgz",
      "integrity": "sha512-M6UqVvZVgFYqZL1SfHsRGIQSz3ZL+qgbsV5Lp1Vj61LZVYuEwcMXYay7DRDtYs2HQQBK5hQtQ0fD9aEJ89V0LA=="
    }
  }
}
